# This file is generated by running "yarn install" inside your project.
# Manual changes might be lost - proceed with caution!

__metadata:
  version: 8
  cacheKey: 10c0

"@factbird/cdkactions-cli@workspace:packages/cdkactions-cli":
  version: 0.0.0-use.local
  resolution: "@factbird/cdkactions-cli@workspace:packages/cdkactions-cli"
  dependencies:
    "@factbird/cdkactions": "workspace:^"
    "@types/fs-extra": "npm:^8.1.0"
    "@types/node": "npm:^22.1.0"
    "@types/yargs": "npm:^17.0.32"
    constructs: "npm:^10.4.2"
    fs-extra: "npm:^11.3.0"
    typescript: "npm:^5.8.2"
    yaml: "npm:^2.7.1"
    yargs: "npm:^16.2.0"
  bin:
    cdkactions: bin/cdkactions
  languageName: unknown
  linkType: soft

"@factbird/cdkactions@workspace:^, @factbird/cdkactions@workspace:packages/cdkactions":
  version: 0.0.0-use.local
  resolution: "@factbird/cdkactions@workspace:packages/cdkactions"
  dependencies:
    "@types/js-yaml": "npm:^4.0.0"
    "@types/node": "npm:^22.1.0"
    constructs: "npm:^10.4.2"
    js-yaml: "npm:^4.0.0"
    ts-dedent: "npm:^2.2.0"
    ts-pattern: "npm:^5.7.0"
    typescript: "npm:^5.8.2"
  peerDependencies:
    constructs: ^10.4.2
  languageName: unknown
  linkType: soft

"@types/fs-extra@npm:^8.1.0":
  version: 8.1.1
  resolution: "@types/fs-extra@npm:8.1.1"
  dependencies:
    "@types/node": "npm:*"
  checksum: 10c0/3fc7a86aa5a4aac3f005c5ce1d203922f3a1c4aa804d83d4cfc218d30d518e76e766dad033a3398d22214d4bb323208cfcb7860c4f2bbc6289ef2cf988166f02
  languageName: node
  linkType: hard

"@types/js-yaml@npm:^4.0.0":
  version: 4.0.0
  resolution: "@types/js-yaml@npm:4.0.0"
  checksum: 10c0/154b0a92ff3c4cf9c9564a68fb3151f8ee710bd93a17163fce622e03fcebb98ffe9ee0e8b378042843bc1310662fb3a689124348009203d74fed765b24615cd3
  languageName: node
  linkType: hard

"@types/node@npm:*":
  version: 14.14.22
  resolution: "@types/node@npm:14.14.22"
  checksum: 10c0/21d07874fbb5ff0465cdef53b36509128cb0960e1e41ff512e725f6eb5e24453c028e3096973a33bb2da57713506635827927ae22387f5dd16231c8d4f85b365
  languageName: node
  linkType: hard

"@types/node@npm:^22.1.0":
  version: 22.19.15
  resolution: "@types/node@npm:22.19.15"
  dependencies:
    undici-types: "npm:~6.21.0"
  checksum: 10c0/f17eaf3d0d1da5e93ad9e287efb78201f8a5282973c004c5f70d91675c5c6b926a23acaa7b158a42b3d7e27e36b349d65a531710c91c308fca53dd7fa280ef98
  languageName: node
  linkType: hard

"@types/yargs-parser@npm:*":
  version: 20.2.0
  resolution: "@types/yargs-parser@npm:20.2.0"
  checksum: 10c0/0464e5538340ef2541aa12ca2ccf0cbf2cd6f83edb964fdef61936885a7533b21189e6b9a31ad1aec2c81f8c9350707b2dd18697d88b752a20d2c731d968388d
  languageName: node
  linkType: hard

"@types/yargs@npm:^17.0.32":
  version: 17.0.35
  resolution: "@types/yargs@npm:17.0.35"
  dependencies:
    "@types/yargs-parser": "npm:*"
  checksum: 10c0/609557826a6b85e73ccf587923f6429850d6dc70e420b455bab4601b670bfadf684b09ae288bccedab042c48ba65f1666133cf375814204b544009f57d6eef63
  languageName: node
  linkType: hard

"ansi-regex@npm:^5.0.0":
  version: 5.0.0
  resolution: "ansi-regex@npm:5.0.0"
  checksum: 10c0/4c711eeec7ab00c1869e926ae78758abd10137047cbb08b6fda499be2dc39c2d5f21e15c7279dbb222de523b53834b54043d4997191f62372d5e2250edcbc83a
  languageName: node
  linkType: hard

"ansi-styles@npm:^4.0.0":
  version: 4.3.0
  resolution: "ansi-styles@npm:4.3.0"
  dependencies:
    color-convert: "npm:^2.0.1"
  checksum: 10c0/895a23929da416f2bd3de7e9cb4eabd340949328ab85ddd6e484a637d8f6820d485f53933446f5291c3b760cbc488beb8e88573dd0f9c7daf83dccc8fe81b041
  languageName: node
  linkType: hard

"argparse@npm:^2.0.1":
  version: 2.0.1
  resolution: "argparse@npm:2.0.1"
  checksum: 10c0/c5640c2d89045371c7cedd6a70212a04e360fd34d6edeae32f6952c63949e3525ea77dbec0289d8213a99bbaeab5abfa860b5c12cf88a2e6cf8106e90dd27a7e
  languageName: node
  linkType: hard

"cdkactions@workspace:.":
  version: 0.0.0-use.local
  resolution: "cdkactions@workspace:."
  languageName: unknown
  linkType: soft

"cliui@npm:^7.0.2":
  version: 7.0.4
  resolution: "cliui@npm:7.0.4"
  dependencies:
    string-width: "npm:^4.2.0"
    strip-ansi: "npm:^6.0.0"
    wrap-ansi: "npm:^7.0.0"
  checksum: 10c0/6035f5daf7383470cef82b3d3db00bec70afb3423538c50394386ffbbab135e26c3689c41791f911fa71b62d13d3863c712fdd70f0fbdffd938a1e6fd09aac00
  languageName: node
  linkType: hard

"color-convert@npm:^2.0.1":
  version: 2.0.1
  resolution: "color-convert@npm:2.0.1"
  dependencies:
    color-name: "npm:~1.1.4"
  checksum: 10c0/37e1150172f2e311fe1b2df62c6293a342ee7380da7b9cfdba67ea539909afbd74da27033208d01d6d5cfc65ee7868a22e18d7e7648e004425441c0f8a15a7d7
  languageName: node
  linkType: hard

"color-name@npm:~1.1.4":
  version: 1.1.4
  resolution: "color-name@npm:1.1.4"
  checksum: 10c0/a1a3f914156960902f46f7f56bc62effc6c94e84b2cae157a526b1c1f74b677a47ec602bf68a61abfa2b42d15b7c5651c6dbe72a43af720bc588dff885b10f95
  languageName: node
  linkType: hard

"constructs@npm:^10.4.2":
  version: 10.6.0
  resolution: "constructs@npm:10.6.0"
  checksum: 10c0/67fbd1719698509b527d2d7c1f8a6ac26d91eaf15edc69fedebc71100abf4d8ebc306184883fbb677299d6fd9c2dcbbea80db0e4201564f88f9ff88f15d6668f
  languageName: node
  linkType: hard

"emoji-regex@npm:^8.0.0":
  version: 8.0.0
  resolution: "emoji-regex@npm:8.0.0"
  checksum: 10c0/b6053ad39951c4cf338f9092d7bfba448cdfd46fe6a2a034700b149ac9ffbc137e361cbd3c442297f86bed2e5f7576c1b54cc0a6bf8ef5106cc62f496af35010
  languageName: node
  linkType: hard

"escalade@npm:^3.1.1":
  version: 3.1.1
  resolution: "escalade@npm:3.1.1"
  checksum: 10c0/afd02e6ca91ffa813e1108b5e7756566173d6bc0d1eb951cb44d6b21702ec17c1cf116cfe75d4a2b02e05acb0b808a7a9387d0d1ca5cf9c04ad03a8445c3e46d
  languageName: node
  linkType: hard

"fs-extra@npm:^11.3.0":
  version: 11.3.4
  resolution: "fs-extra@npm:11.3.4"
  dependencies:
    graceful-fs: "npm:^4.2.0"
    jsonfile: "npm:^6.0.1"
    universalify: "npm:^2.0.0"
  checksum: 10c0/e08276f767a62496ae97d711aaa692c6a478177f24a85979b6a2881c9db9c68b8c2ad5da0bcf92c0b2a474cea6e935ec245656441527958fd8372cb647087df0
  languageName: node
  linkType: hard

"get-caller-file@npm:^2.0.5":
  version: 2.0.5
  resolution: "get-caller-file@npm:2.0.5"
  checksum: 10c0/c6c7b60271931fa752aeb92f2b47e355eac1af3a2673f47c9589e8f8a41adc74d45551c1bc57b5e66a80609f10ffb72b6f575e4370d61cc3f7f3aaff01757cde
  languageName: node
  linkType: hard

"graceful-fs@npm:^4.1.6, graceful-fs@npm:^4.2.0":
  version: 4.2.4
  resolution: "graceful-fs@npm:4.2.4"
  checksum: 10c0/6a5e1cb1fa081352555da8be104dc312647060b67e9d9dd15d8a054a0c71ead661535ca6de17eb382d86d647e98fc5c50d4201be75d836c1f6e6d64138ec1423
  languageName: node
  linkType: hard

"is-fullwidth-code-point@npm:^3.0.0":
  version: 3.0.0
  resolution: "is-fullwidth-code-point@npm:3.0.0"
  checksum: 10c0/bb11d825e049f38e04c06373a8d72782eee0205bda9d908cc550ccb3c59b99d750ff9537982e01733c1c94a58e35400661f57042158ff5e8f3e90cf936daf0fc
  languageName: node
  linkType: hard

"js-yaml@npm:^4.0.0":
  version: 4.0.0
  resolution: "js-yaml@npm:4.0.0"
  dependencies:
    argparse: "npm:^2.0.1"
  bin:
    js-yaml: bin/js-yaml.js
  checksum: 10c0/ef8489b87d9796b45df9f0bf3eefbb343b5063e39a9911d7b8ddbd4518cafaf73b49150d1f5865f54ee68719642ff0ab86110b9a332ff88bb05cd3bcf3039de1
  languageName: node
  linkType: hard

"jsonfile@npm:^6.0.1":
  version: 6.1.0
  resolution: "jsonfile@npm:6.1.0"
  dependencies:
    graceful-fs: "npm:^4.1.6"
    universalify: "npm:^2.0.0"
  dependenciesMeta:
    graceful-fs:
      optional: true
  checksum: 10c0/4f95b5e8a5622b1e9e8f33c96b7ef3158122f595998114d1e7f03985649ea99cb3cd99ce1ed1831ae94c8c8543ab45ebd044207612f31a56fd08462140e46865
  languageName: node
  linkType: hard

"require-directory@npm:^2.1.1":
  version: 2.1.1
  resolution: "require-directory@npm:2.1.1"
  checksum: 10c0/83aa76a7bc1531f68d92c75a2ca2f54f1b01463cb566cf3fbc787d0de8be30c9dbc211d1d46be3497dac5785fe296f2dd11d531945ac29730643357978966e99
  languageName: node
  linkType: hard

"string-width@npm:^4.1.0, string-width@npm:^4.2.0":
  version: 4.2.0
  resolution: "string-width@npm:4.2.0"
  dependencies:
    emoji-regex: "npm:^8.0.0"
    is-fullwidth-code-point: "npm:^3.0.0"
    strip-ansi: "npm:^6.0.0"
  checksum: 10c0/54d6451abfdca5f147f930fe4eb1bbdf409ba115042146bb93dae309342124afcfeb776149075f60a6f8d6b2d3b68f48702fc96144b37789dd7a4752284b9648
  languageName: node
  linkType: hard

"strip-ansi@npm:^6.0.0":
  version: 6.0.0
  resolution: "strip-ansi@npm:6.0.0"
  dependencies:
    ansi-regex: "npm:^5.0.0"
  checksum: 10c0/85257c80250541cc0e65088c7dc768563bdbd1bf7120471d6d3a73cdc60e8149a50038c12a6fd4a30b674587f306ae42e2cc73ac3095daf193633daa0bd8f928
  languageName: node
  linkType: hard

"ts-dedent@npm:^2.2.0":
  version: 2.2.0
  resolution: "ts-dedent@npm:2.2.0"
  checksum: 10c0/175adea838468cc2ff7d5e97f970dcb798bbcb623f29c6088cb21aa2880d207c5784be81ab1741f56b9ac37840cbaba0c0d79f7f8b67ffe61c02634cafa5c303
  languageName: node
  linkType: hard

"ts-pattern@npm:^5.7.0":
  version: 5.9.0
  resolution: "ts-pattern@npm:5.9.0"
  checksum: 10c0/7640db25c39d29b287471b2b82d4f7b4674a02098c6ba4d10fed180adfb07d0e0c71930d9e59dc0d90654145e02fd320af63cf0df3c41e100d4154658a612a0a
  languageName: node
  linkType: hard

"typescript@npm:^5.8.2":
  version: 5.9.3
  resolution: "typescript@npm:5.9.3"
  bin:
    tsc: bin/tsc
    tsserver: bin/tsserver
  checksum: 10c0/6bd7552ce39f97e711db5aa048f6f9995b53f1c52f7d8667c1abdc1700c68a76a308f579cd309ce6b53646deb4e9a1be7c813a93baaf0a28ccd536a30270e1c5
  languageName: node
  linkType: hard

"typescript@patch:typescript@npm%3A^5.8.2#optional!builtin<compat/typescript>":
  version: 5.9.3
  resolution: "typescript@patch:typescript@npm%3A5.9.3#optional!builtin<compat/typescript>::version=5.9.3&hash=5786d5"
  bin:
    tsc: bin/tsc
    tsserver: bin/tsserver
  checksum: 10c0/ad09fdf7a756814dce65bc60c1657b40d44451346858eea230e10f2e95a289d9183b6e32e5c11e95acc0ccc214b4f36289dcad4bf1886b0adb84d711d336a430
  languageName: node
  linkType: hard

"undici-types@npm:~6.21.0":
  version: 6.21.0
  resolution: "undici-types@npm:6.21.0"
  checksum: 10c0/c01ed51829b10aa72fc3ce64b747f8e74ae9b60eafa19a7b46ef624403508a54c526ffab06a14a26b3120d055e1104d7abe7c9017e83ced038ea5cf52f8d5e04
  languageName: node
  linkType: hard

"universalify@npm:^2.0.0":
  version: 2.0.0
  resolution: "universalify@npm:2.0.0"
  checksum: 10c0/07092b9f46df61b823d8ab5e57f0ee5120c178b39609a95e4a15a98c42f6b0b8e834e66fbb47ff92831786193be42f1fd36347169b88ce8639d0f9670af24a71
  languageName: node
  linkType: hard

"wrap-ansi@npm:^7.0.0":
  version: 7.0.0
  resolution: "wrap-ansi@npm:7.0.0"
  dependencies:
    ansi-styles: "npm:^4.0.0"
    string-width: "npm:^4.1.0"
    strip-ansi: "npm:^6.0.0"
  checksum: 10c0/d15fc12c11e4cbc4044a552129ebc75ee3f57aa9c1958373a4db0292d72282f54373b536103987a4a7594db1ef6a4f10acf92978f79b98c49306a4b58c77d4da
  languageName: node
  linkType: hard

"y18n@npm:^5.0.5":
  version: 5.0.5
  resolution: "y18n@npm:5.0.5"
  checksum: 10c0/62523d0036ca408f0fa336784b003e80c9a0785dde42050c90e9208df6dafc9440c23d9defd102518ec9c5e883838b1b94615bd98446fc7dddab4c007ede8845
  languageName: node
  linkType: hard

"yaml@npm:^2.7.1":
  version: 2.8.3
  resolution: "yaml@npm:2.8.3"
  bin:
    yaml: bin.mjs
  checksum: 10c0/ddff0e11c1b467728d7eb4633db61c5f5de3d8e9373cf84d08fb0cdee03e1f58f02b9f1c51a4a8a865751695addbd465a77f73f1079be91fe5493b29c305fd77
  languageName: node
  linkType: hard

"yargs-parser@npm:^20.2.2":
  version: 20.2.4
  resolution: "yargs-parser@npm:20.2.4"
  checksum: 10c0/08dc341f0b9f940c2fffc1d1decf3be00e28cabd2b578a694901eccc7dcd10577f10c6aa1b040fdd9a68b2042515a60f18476543bccacf9f3ce2c8534cd87435
  languageName: node
  linkType: hard

"yargs@npm:^16.2.0":
  version: 16.2.0
  resolution: "yargs@npm:16.2.0"
  dependencies:
    cliui: "npm:^7.0.2"
    escalade: "npm:^3.1.1"
    get-caller-file: "npm:^2.0.5"
    require-directory: "npm:^2.1.1"
    string-width: "npm:^4.2.0"
    y18n: "npm:^5.0.5"
    yargs-parser: "npm:^20.2.2"
  checksum: 10c0/b1dbfefa679848442454b60053a6c95d62f2d2e21dd28def92b647587f415969173c6e99a0f3bab4f1b67ee8283bf735ebe3544013f09491186ba9e8a9a2b651
  languageName: node
  linkType: hard
